lockfileVersion: 5.4

specifiers:
  '@radix-ui/colors': ^0.1.8
  '@radix-ui/react-progress': ^1.0.1
  '@stitches/react': ^1.2.8
  '@tauri-apps/api': ^1.2.0
  '@tauri-apps/cli': ^1.2.2
  '@types/node': ^18.7.11
  '@types/react': ^18.0.17
  '@types/react-dom': ^18.0.6
  next: ^12.2.5
  react: ^18.2.0
  react-dom: ^18.2.0
  sass: ^1.57.1
  typescript: ^4.7.4

dependencies:
  '@radix-ui/colors': 0.1.8
  '@radix-ui/react-progress': 1.0.1_biqbaboplfbrettd7655fr4n2y
  '@stitches/react': 1.2.8_react@18.2.0
  '@tauri-apps/api': 1.2.0
  next: 12.3.4_3duxcpitbtplz62feflag7fwby
  react: 18.2.0
  react-dom: 18.2.0_react@18.2.0
  sass: 1.57.1

devDependencies:
  '@tauri-apps/cli': 1.2.2
  '@types/node': 18.11.17
  '@types/react': 18.0.26
  '@types/react-dom': 18.0.10
  typescript: 4.9.4

packages:

  /@babel/runtime/7.20.7:
    resolution: {integrity: sha512-UF0tvkUtxwAgZ5W/KrkHf0Rn0fdnLDU9ScxBrEVNUprE/MzirjK4MJUX1/BVDv00Sv8cljtukVK1aky++X1SjQ==}
    engines: {node: '>=6.9.0'}
    dependencies:
      regenerator-runtime: 0.13.11
    dev: false

  /@next/env/12.3.4:
    resolution: {integrity: sha512-H/69Lc5Q02dq3o+dxxy5O/oNxFsZpdL6WREtOOtOM1B/weonIwDXkekr1KV5DPVPr12IHFPrMrcJQ6bgPMfn7A==}
    dev: false

  /@next/swc-android-arm-eabi/12.3.4:
    resolution: {integrity: sha512-cM42Cw6V4Bz/2+j/xIzO8nK/Q3Ly+VSlZJTa1vHzsocJRYz8KT6MrreXaci2++SIZCF1rVRCDgAg5PpqRibdIA==}
    engines: {node: '>= 10'}
    cpu: [arm]
    os: [android]
    requiresBuild: true
    dev: false
    optional: true

  /@next/swc-android-arm64/12.3.4:
    resolution: {integrity: sha512-5jf0dTBjL+rabWjGj3eghpLUxCukRhBcEJgwLedewEA/LJk2HyqCvGIwj5rH+iwmq1llCWbOky2dO3pVljrapg==}
    engines: {node: '>= 10'}
    cpu: [arm64]
    os: [android]
    requiresBuild: true
    dev: false
    optional: true

  /@next/swc-darwin-arm64/12.3.4:
    resolution: {integrity: sha512-DqsSTd3FRjQUR6ao0E1e2OlOcrF5br+uegcEGPVonKYJpcr0MJrtYmPxd4v5T6UCJZ+XzydF7eQo5wdGvSZAyA==}
    engines: {node: '>= 10'}
    cpu: [arm64]
    os: [darwin]
    requiresBuild: true
    dev: false
    optional: true

  /@next/swc-darwin-x64/12.3.4:
    resolution: {integrity: sha512-PPF7tbWD4k0dJ2EcUSnOsaOJ5rhT3rlEt/3LhZUGiYNL8KvoqczFrETlUx0cUYaXe11dRA3F80Hpt727QIwByQ==}
    engines: {node: '>= 10'}
    cpu: [x64]
    os: [darwin]
    requiresBuild: true
    dev: false
    optional: true

  /@next/swc-freebsd-x64/12.3.4:
    resolution: {integrity: sha512-KM9JXRXi/U2PUM928z7l4tnfQ9u8bTco/jb939pdFUHqc28V43Ohd31MmZD1QzEK4aFlMRaIBQOWQZh4D/E5lQ==}
    engines: {node: '>= 10'}
    cpu: [x64]
    os: [freebsd]
    requiresBuild: true
    dev: false
    optional: true

  /@next/swc-linux-arm-gnueabihf/12.3.4:
    resolution: {integrity: sha512-3zqD3pO+z5CZyxtKDTnOJ2XgFFRUBciOox6EWkoZvJfc9zcidNAQxuwonUeNts6Xbm8Wtm5YGIRC0x+12YH7kw==}
    engines: {node: '>= 10'}
    cpu: [arm]
    os: [linux]
    requiresBuild: true
    dev: false
    optional: true

  /@next/swc-linux-arm64-gnu/12.3.4:
    resolution: {integrity: sha512-kiX0vgJGMZVv+oo1QuObaYulXNvdH/IINmvdZnVzMO/jic/B8EEIGlZ8Bgvw8LCjH3zNVPO3mGrdMvnEEPEhKA==}
    engines: {node: '>= 10'}
    cpu: [arm64]
    os: [linux]
    requiresBuild: true
    dev: false
    optional: true

  /@next/swc-linux-arm64-musl/12.3.4:
    resolution: {integrity: sha512-EETZPa1juczrKLWk5okoW2hv7D7WvonU+Cf2CgsSoxgsYbUCZ1voOpL4JZTOb6IbKMDo6ja+SbY0vzXZBUMvkQ==}
    engines: {node: '>= 10'}
    cpu: [arm64]
    os: [linux]
    requiresBuild: true
    dev: false
    optional: true

  /@next/swc-linux-x64-gnu/12.3.4:
    resolution: {integrity: sha512-4csPbRbfZbuWOk3ATyWcvVFdD9/Rsdq5YHKvRuEni68OCLkfy4f+4I9OBpyK1SKJ00Cih16NJbHE+k+ljPPpag==}
    engines: {node: '>= 10'}
    cpu: [x64]
    os: [linux]
    requiresBuild: true
    dev: false
    optional: true

  /@next/swc-linux-x64-musl/12.3.4:
    resolution: {integrity: sha512-YeBmI+63Ro75SUiL/QXEVXQ19T++58aI/IINOyhpsRL1LKdyfK/35iilraZEFz9bLQrwy1LYAR5lK200A9Gjbg==}
    engines: {node: '>= 10'}
    cpu: [x64]
    os: [linux]
    requiresBuild: true
    dev: false
    optional: true

  /@next/swc-win32-arm64-msvc/12.3.4:
    resolution: {integrity: sha512-Sd0qFUJv8Tj0PukAYbCCDbmXcMkbIuhnTeHm9m4ZGjCf6kt7E/RMs55Pd3R5ePjOkN7dJEuxYBehawTR/aPDSQ==}
    engines: {node: '>= 10'}
    cpu: [arm64]
    os: [win32]
    requiresBuild: true
    dev: false
    optional: true

  /@next/swc-win32-ia32-msvc/12.3.4:
    resolution: {integrity: sha512-rt/vv/vg/ZGGkrkKcuJ0LyliRdbskQU+91bje+PgoYmxTZf/tYs6IfbmgudBJk6gH3QnjHWbkphDdRQrseRefQ==}
    engines: {node: '>= 10'}
    cpu: [ia32]
    os: [win32]
    requiresBuild: true
    dev: false
    optional: true

  /@next/swc-win32-x64-msvc/12.3.4:
    resolution: {integrity: sha512-DQ20JEfTBZAgF8QCjYfJhv2/279M6onxFjdG/+5B0Cyj00/EdBxiWb2eGGFgQhrBbNv/lsvzFbbi0Ptf8Vw/bg==}
    engines: {node: '>= 10'}
    cpu: [x64]
    os: [win32]
    requiresBuild: true
    dev: false
    optional: true

  /@radix-ui/colors/0.1.8:
    resolution: {integrity: sha512-jwRMXYwC0hUo0mv6wGpuw254Pd9p/R6Td5xsRpOmaWkUHlooNWqVcadgyzlRumMq3xfOTXwJReU0Jv+EIy4Jbw==}
    dev: false

  /@radix-ui/react-compose-refs/1.0.0_react@18.2.0:
    resolution: {integrity: sha512-0KaSv6sx787/hK3eF53iOkiSLwAGlFMx5lotrqD2pTjB18KbybKoEIgkNZTKC60YECDQTKGTRcDBILwZVqVKvA==}
    peerDependencies:
      react: ^16.8 || ^17.0 || ^18.0
    dependencies:
      '@babel/runtime': 7.20.7
      react: 18.2.0
    dev: false

  /@radix-ui/react-context/1.0.0_react@18.2.0:
    resolution: {integrity: sha512-1pVM9RfOQ+n/N5PJK33kRSKsr1glNxomxONs5c49MliinBY6Yw2Q995qfBUUo0/Mbg05B/sGA0gkgPI7kmSHBg==}
    peerDependencies:
      react: ^16.8 || ^17.0 || ^18.0
    dependencies:
      '@babel/runtime': 7.20.7
      react: 18.2.0
    dev: false

  /@radix-ui/react-primitive/1.0.1_biqbaboplfbrettd7655fr4n2y:
    resolution: {integrity: sha512-fHbmislWVkZaIdeF6GZxF0A/NH/3BjrGIYj+Ae6eTmTCr7EB0RQAAVEiqsXK6p3/JcRqVSBQoceZroj30Jj3XA==}
    peerDependencies:
      react: ^16.8 || ^17.0 || ^18.0
      react-dom: ^16.8 || ^17.0 || ^18.0
    dependencies:
      '@babel/runtime': 7.20.7
      '@radix-ui/react-slot': 1.0.1_react@18.2.0
      react: 18.2.0
      react-dom: 18.2.0_react@18.2.0
    dev: false

  /@radix-ui/react-progress/1.0.1_biqbaboplfbrettd7655fr4n2y:
    resolution: {integrity: sha512-QbDf9eguM5QtkvGcGHe/nUgloM9yfRGpJTB/Te5cn4WmVHvcbhHyHw39/rbCZxNX4E+GEPp5Vs6+mEoyIotUbg==}
    peerDependencies:
      react: ^16.8 || ^17.0 || ^18.0
      react-dom: ^16.8 || ^17.0 || ^18.0
    dependencies:
      '@babel/runtime': 7.20.7
      '@radix-ui/react-context': 1.0.0_react@18.2.0
      '@radix-ui/react-primitive': 1.0.1_biqbaboplfbrettd7655fr4n2y
      react: 18.2.0
      react-dom: 18.2.0_react@18.2.0
    dev: false

  /@radix-ui/react-slot/1.0.1_react@18.2.0:
    resolution: {integrity: sha512-avutXAFL1ehGvAXtPquu0YK5oz6ctS474iM3vNGQIkswrVhdrS52e3uoMQBzZhNRAIE0jBnUyXWNmSjGHhCFcw==}
    peerDependencies:
      react: ^16.8 || ^17.0 || ^18.0
    dependencies:
      '@babel/runtime': 7.20.7
      '@radix-ui/react-compose-refs': 1.0.0_react@18.2.0
      react: 18.2.0
    dev: false

  /@stitches/react/1.2.8_react@18.2.0:
    resolution: {integrity: sha512-9g9dWI4gsSVe8bNLlb+lMkBYsnIKCZTmvqvDG+Avnn69XfmHZKiaMrx7cgTaddq7aTPPmXiTsbFcUy0xgI4+wA==}
    peerDependencies:
      react: '>= 16.3.0'
    dependencies:
      react: 18.2.0
    dev: false

  /@swc/helpers/0.4.11:
    resolution: {integrity: sha512-rEUrBSGIoSFuYxwBYtlUFMlE2CwGhmW+w9355/5oduSw8e5h2+Tj4UrAGNNgP9915++wj5vkQo0UuOBqOAq4nw==}
    dependencies:
      tslib: 2.4.1
    dev: false

  /@tauri-apps/api/1.2.0:
    resolution: {integrity: sha512-lsI54KI6HGf7VImuf/T9pnoejfgkNoXveP14pVV7XarrQ46rOejIVJLFqHI9sRReJMGdh2YuCoI3cc/yCWCsrw==}
    engines: {node: '>= 14.6.0', npm: '>= 6.6.0', yarn: '>= 1.19.1'}
    dev: false

  /@tauri-apps/cli-darwin-arm64/1.2.2:
    resolution: {integrity: sha512-W+Cp2weUMlvmGkRJeUjypbz9Lpl6o98xkgKAtobZSum5SNwpsBQfawJTESakNoD+FXyVg/snIk5sRdHge+tAaA==}
    engines: {node: '>= 10'}
    cpu: [arm64]
    os: [darwin]
    requiresBuild: true
    dev: true
    optional: true

  /@tauri-apps/cli-darwin-x64/1.2.2:
    resolution: {integrity: sha512-vmVAqt+ECH2d6cbcGJ7ddcCAZgmKe5xmxlL5r4xoaphu7OqU4gnv4VFURYkVltOfwzIFQVOPVSqwYyIDToCYNQ==}
    engines: {node: '>= 10'}
    cpu: [x64]
    os: [darwin]
    requiresBuild: true
    dev: true
    optional: true

  /@tauri-apps/cli-linux-arm-gnueabihf/1.2.2:
    resolution: {integrity: sha512-yYTdQurgi4QZR8z+fANjl522jdQz/VtesFpw+C/A0+zXg7tiRjicsywBDdPsvNzCqFeGKKkmTR+Lny5qxhGaeQ==}
    engines: {node: '>= 10'}
    cpu: [arm]
    os: [linux]
    requiresBuild: true
    dev: true
    optional: true

  /@tauri-apps/cli-linux-arm64-gnu/1.2.2:
    resolution: {integrity: sha512-ZSOVT6Eq1ay2+27B8KfA0MnpO7KYzONU6TjenH7DNcQki6eWGG5JoNu8QQ9Mdn3dAzY0XBP9i1ZHQOFu4iPtEg==}
    engines: {node: '>= 10'}
    cpu: [arm64]
    os: [linux]
    requiresBuild: true
    dev: true
    optional: true

  /@tauri-apps/cli-linux-arm64-musl/1.2.2:
    resolution: {integrity: sha512-/NHSkqNQ+Pr4PshvyD1CeNFaPCaCpe1OeuAQgVi0rboSecC9fXN96G5dQbSBoxOUcCo6f8aTVE7zkZ4WchFVog==}
    engines: {node: '>= 10'}
    cpu: [arm64]
    os: [linux]
    requiresBuild: true
    dev: true
    optional: true

  /@tauri-apps/cli-linux-x64-gnu/1.2.2:
    resolution: {integrity: sha512-4YTmfPuyvlHsvCkATDMwhklfuQm3HKxYXv/IOW9H0ra6pS9efVhrFYIC9Vfv6XaKN85Vnn/FYTEGMJLwCxZw2Q==}
    engines: {node: '>= 10'}
    cpu: [x64]
    os: [linux]
    requiresBuild: true
    dev: true
    optional: true

  /@tauri-apps/cli-linux-x64-musl/1.2.2:
    resolution: {integrity: sha512-wr46tbscwFuCcA931R+ItOiUTT0djMmgKLd1HFCmFF82V9BKE2reIjr6O9l0NCXCo2WeD4pe3jA/Pt1dxDu+JA==}
    engines: {node: '>= 10'}
    cpu: [x64]
    os: [linux]
    requiresBuild: true
    dev: true
    optional: true

  /@tauri-apps/cli-win32-ia32-msvc/1.2.2:
    resolution: {integrity: sha512-6VmbVJOWUZJK5/JKhb3mNFKrKGfq0KV7lJGumfN95WJgkHeyL61p8bZit+o6ZgUGUhrOabkAawhDkrRY+ZQhIw==}
    engines: {node: '>= 10'}
    cpu: [ia32]
    os: [win32]
    requiresBuild: true
    dev: true
    optional: true

  /@tauri-apps/cli-win32-x64-msvc/1.2.2:
    resolution: {integrity: sha512-YRPJguJma+zSuRZpFoSZqls6+laggG1vqG0FPQWQTi+ywATgMpai2b2RZnffDlpHKp9mt4V/s2dtqOy6bpGZHg==}
    engines: {node: '>= 10'}
    cpu: [x64]
    os: [win32]
    requiresBuild: true
    dev: true
    optional: true

  /@tauri-apps/cli/1.2.2:
    resolution: {integrity: sha512-D8zib3A0vWCvPPSyYLxww/OdDlVcY7fpcDVBH6qUvheOjj2aCyU7H9AYMRBwpgCfz8zY5+vomee+laLeB0H13w==}
    engines: {node: '>= 10'}
    hasBin: true
    optionalDependencies:
      '@tauri-apps/cli-darwin-arm64': 1.2.2
      '@tauri-apps/cli-darwin-x64': 1.2.2
      '@tauri-apps/cli-linux-arm-gnueabihf': 1.2.2
      '@tauri-apps/cli-linux-arm64-gnu': 1.2.2
      '@tauri-apps/cli-linux-arm64-musl': 1.2.2
      '@tauri-apps/cli-linux-x64-gnu': 1.2.2
      '@tauri-apps/cli-linux-x64-musl': 1.2.2
      '@tauri-apps/cli-win32-ia32-msvc': 1.2.2
      '@tauri-apps/cli-win32-x64-msvc': 1.2.2
    dev: true

  /@types/node/18.11.17:
    resolution: {integrity: sha512-HJSUJmni4BeDHhfzn6nF0sVmd1SMezP7/4F0Lq+aXzmp2xm9O7WXrUtHW/CHlYVtZUbByEvWidHqRtcJXGF2Ng==}
    dev: true

  /@types/prop-types/15.7.5:
    resolution: {integrity: sha512-JCB8C6SnDoQf0cNycqd/35A7MjcnK+ZTqE7judS6o7utxUCg6imJg3QK2qzHKszlTjcj2cn+NwMB2i96ubpj7w==}
    dev: true

  /@types/react-dom/18.0.10:
    resolution: {integrity: sha512-E42GW/JA4Qv15wQdqJq8DL4JhNpB3prJgjgapN3qJT9K2zO5IIAQh4VXvCEDupoqAwnz0cY4RlXeC/ajX5SFHg==}
    dependencies:
      '@types/react': 18.0.26
    dev: true

  /@types/react/18.0.26:
    resolution: {integrity: sha512-hCR3PJQsAIXyxhTNSiDFY//LhnMZWpNNr5etoCqx/iUfGc5gXWtQR2Phl908jVR6uPXacojQWTg4qRpkxTuGug==}
    dependencies:
      '@types/prop-types': 15.7.5
      '@types/scheduler': 0.16.2
      csstype: 3.1.1
    dev: true

  /@types/scheduler/0.16.2:
    resolution: {integrity: sha512-hppQEBDmlwhFAXKJX2KnWLYu5yMfi91yazPb2l+lbJiwW+wdo1gNeRA+3RgNSO39WYX2euey41KEwnqesU2Jew==}
    dev: true

  /anymatch/3.1.3:
    resolution: {integrity: sha512-KMReFUr0B4t+D+OBkjR3KYqvocp2XaSzO55UcB6mgQMd3KbcE+mWTyvVV7D/zsdEbNnV6acZUutkiHQXvTr1Rw==}
    engines: {node: '>= 8'}
    dependencies:
      normalize-path: 3.0.0
      picomatch: 2.3.1
    dev: false

  /binary-extensions/2.2.0:
    resolution: {integrity: sha512-jDctJ/IVQbZoJykoeHbhXpOlNBqGNcwXJKJog42E5HDPUwQTSdjCHdihjj0DlnheQ7blbT6dHOafNAiS8ooQKA==}
    engines: {node: '>=8'}
    dev: false

  /braces/3.0.2:
    resolution: {integrity: sha512-b8um+L1RzM3WDSzvhm6gIz1yfTbBt6YTlcEKAvsmqCZZFw46z626lVj9j1yEPW33H5H+lBQpZMP1k8l+78Ha0A==}
    engines: {node: '>=8'}
    dependencies:
      fill-range: 7.0.1
    dev: false

  /caniuse-lite/1.0.30001441:
    resolution: {integrity: sha512-OyxRR4Vof59I3yGWXws6i908EtGbMzVUi3ganaZQHmydk1iwDhRnvaPG2WaR0KcqrDFKrxVZHULT396LEPhXfg==}
    dev: false

  /chokidar/3.5.3:
    resolution: {integrity: sha512-Dr3sfKRP6oTcjf2JmUmFJfeVMvXBdegxB0iVQ5eb2V10uFJUCAS8OByZdVAyVb8xXNz3GjjTgj9kLWsZTqE6kw==}
    engines: {node: '>= 8.10.0'}
    dependencies:
      anymatch: 3.1.3
      braces: 3.0.2
      glob-parent: 5.1.2
      is-binary-path: 2.1.0
      is-glob: 4.0.3
      normalize-path: 3.0.0
      readdirp: 3.6.0
    optionalDependencies:
      fsevents: 2.3.2
    dev: false

  /csstype/3.1.1:
    resolution: {integrity: sha512-DJR/VvkAvSZW9bTouZue2sSxDwdTN92uHjqeKVm+0dAqdfNykRzQ95tay8aXMBAAPpUiq4Qcug2L7neoRh2Egw==}
    dev: true

  /fill-range/7.0.1:
    resolution: {integrity: sha512-qOo9F+dMUmC2Lcb4BbVvnKJxTPjCm+RRpe4gDuGrzkL7mEVl/djYSu2OdQ2Pa302N4oqkSg9ir6jaLWJ2USVpQ==}
    engines: {node: '>=8'}
    dependencies:
      to-regex-range: 5.0.1
    dev: false

  /fsevents/2.3.2:
    resolution: {integrity: sha512-xiqMQR4xAeHTuB9uWm+fFRcIOgKBMiOBP+eXiyT7jsgVCq1bkVygt00oASowB7EdtpOHaaPgKt812P9ab+DDKA==}
    engines: {node: ^8.16.0 || ^10.6.0 || >=11.0.0}
    os: [darwin]
    requiresBuild: true
    dev: false
    optional: true

  /glob-parent/5.1.2:
    resolution: {integrity: sha512-AOIgSQCepiJYwP3ARnGx+5VnTu2HBYdzbGP45eLw1vr3zB3vZLeyed1sC9hnbcOc9/SrMyM5RPQrkGz4aS9Zow==}
    engines: {node: '>= 6'}
    dependencies:
      is-glob: 4.0.3
    dev: false

  /immutable/4.2.1:
    resolution: {integrity: sha512-7WYV7Q5BTs0nlQm7tl92rDYYoyELLKHoDMBKhrxEoiV4mrfVdRz8hzPiYOzH7yWjzoVEamxRuAqhxL2PLRwZYQ==}
    dev: false

  /is-binary-path/2.1.0:
    resolution: {integrity: sha512-ZMERYes6pDydyuGidse7OsHxtbI7WVeUEozgR/g7rd0xUimYNlvZRE/K2MgZTjWy725IfelLeVcEM97mmtRGXw==}
    engines: {node: '>=8'}
    dependencies:
      binary-extensions: 2.2.0
    dev: false

  /is-extglob/2.1.1:
    resolution: {integrity: sha512-SbKbANkN603Vi4jEZv49LeVJMn4yGwsbzZworEoyEiutsN3nJYdbO36zfhGJ6QEDpOZIFkDtnq5JRxmvl3jsoQ==}
    engines: {node: '>=0.10.0'}
    dev: false

  /is-glob/4.0.3:
    resolution: {integrity: sha512-xelSayHH36ZgE7ZWhli7pW34hNbNl8Ojv5KVmkJD4hBdD3th8Tfk9vYasLM+mXWOZhFkgZfxhLSnrwRr4elSSg==}
    engines: {node: '>=0.10.0'}
    dependencies:
      is-extglob: 2.1.1
    dev: false

  /is-number/7.0.0:
    resolution: {integrity: sha512-41Cifkg6e8TylSpdtTpeLVMqvSBEVzTttHvERD741+pnZ8ANv0004MRL43QKPDlK9cGvNp6NZWZUBlbGXYxxng==}
    engines: {node: '>=0.12.0'}
    dev: false

  /js-tokens/4.0.0:
    resolution: {integrity: sha512-RdJUflcE3cUzKiMqQgsCu06FPu9UdIJO0beYbPhHN4k6apgJtifcoCtT9bcxOpYBtpD2kCM6Sbzg4CausW/PKQ==}
    dev: false

  /loose-envify/1.4.0:
    resolution: {integrity: sha512-lyuxPGr/Wfhrlem2CL/UcnUc1zcqKAImBDzukY7Y5F/yQiNdko6+fRLevlw1HgMySw7f611UIY408EtxRSoK3Q==}
    hasBin: true
    dependencies:
      js-tokens: 4.0.0
    dev: false

  /nanoid/3.3.4:
    resolution: {integrity: sha512-MqBkQh/OHTS2egovRtLk45wEyNXwF+cokD+1YPf9u5VfJiRdAiRwB2froX5Co9Rh20xs4siNPm8naNotSD6RBw==}
    engines: {node: ^10 || ^12 || ^13.7 || ^14 || >=15.0.1}
    hasBin: true
    dev: false

  /next/12.3.4_3duxcpitbtplz62feflag7fwby:
    resolution: {integrity: sha512-VcyMJUtLZBGzLKo3oMxrEF0stxh8HwuW976pAzlHhI3t8qJ4SROjCrSh1T24bhrbjw55wfZXAbXPGwPt5FLRfQ==}
    engines: {node: '>=12.22.0'}
    hasBin: true
    peerDependencies:
      fibers: '>= 3.1.0'
      node-sass: ^6.0.0 || ^7.0.0
      react: ^17.0.2 || ^18.0.0-0
      react-dom: ^17.0.2 || ^18.0.0-0
      sass: ^1.3.0
    peerDependenciesMeta:
      fibers:
        optional: true
      node-sass:
        optional: true
      sass:
        optional: true
    dependencies:
      '@next/env': 12.3.4
      '@swc/helpers': 0.4.11
      caniuse-lite: 1.0.30001441
      postcss: 8.4.14
      react: 18.2.0
      react-dom: 18.2.0_react@18.2.0
      sass: 1.57.1
      styled-jsx: 5.0.7_react@18.2.0
      use-sync-external-store: 1.2.0_react@18.2.0
    optionalDependencies:
      '@next/swc-android-arm-eabi': 12.3.4
      '@next/swc-android-arm64': 12.3.4
      '@next/swc-darwin-arm64': 12.3.4
      '@next/swc-darwin-x64': 12.3.4
      '@next/swc-freebsd-x64': 12.3.4
      '@next/swc-linux-arm-gnueabihf': 12.3.4
      '@next/swc-linux-arm64-gnu': 12.3.4
      '@next/swc-linux-arm64-musl': 12.3.4
      '@next/swc-linux-x64-gnu': 12.3.4
      '@next/swc-linux-x64-musl': 12.3.4
      '@next/swc-win32-arm64-msvc': 12.3.4
      '@next/swc-win32-ia32-msvc': 12.3.4
      '@next/swc-win32-x64-msvc': 12.3.4
    transitivePeerDependencies:
      - '@babel/core'
      - babel-plugin-macros
    dev: false

  /normalize-path/3.0.0:
    resolution: {integrity: sha512-6eZs5Ls3WtCisHWp9S2GUy8dqkpGi4BVSz3GaqiE6ezub0512ESztXUwUB6C6IKbQkY2Pnb/mD4WYojCRwcwLA==}
    engines: {node: '>=0.10.0'}
    dev: false

  /picocolors/1.0.0:
    resolution: {integrity: sha512-1fygroTLlHu66zi26VoTDv8yRgm0Fccecssto+MhsZ0D/DGW2sm8E8AjW7NU5VVTRt5GxbeZ5qBuJr+HyLYkjQ==}
    dev: false

  /picomatch/2.3.1:
    resolution: {integrity: sha512-JU3teHTNjmE2VCGFzuY8EXzCDVwEqB2a8fsIvwaStHhAWJEeVd1o1QD80CU6+ZdEXXSLbSsuLwJjkCBWqRQUVA==}
    engines: {node: '>=8.6'}
    dev: false

  /postcss/8.4.14:
    resolution: {integrity: sha512-E398TUmfAYFPBSdzgeieK2Y1+1cpdxJx8yXbK/m57nRhKSmk1GB2tO4lbLBtlkfPQTDKfe4Xqv1ASWPpayPEig==}
    engines: {node: ^10 || ^12 || >=14}
    dependencies:
      nanoid: 3.3.4
      picocolors: 1.0.0
      source-map-js: 1.0.2
    dev: false

  /react-dom/18.2.0_react@18.2.0:
    resolution: {integrity: sha512-6IMTriUmvsjHUjNtEDudZfuDQUoWXVxKHhlEGSk81n4YFS+r/Kl99wXiwlVXtPBtJenozv2P+hxDsw9eA7Xo6g==}
    peerDependencies:
      react: ^18.2.0
    dependencies:
      loose-envify: 1.4.0
      react: 18.2.0
      scheduler: 0.23.0
    dev: false

  /react/18.2.0:
    resolution: {integrity: sha512-/3IjMdb2L9QbBdWiW5e3P2/npwMBaU9mHCSCUzNln0ZCYbcfTsGbTJrU/kGemdH2IWmB2ioZ+zkxtmq6g09fGQ==}
    engines: {node: '>=0.10.0'}
    dependencies:
      loose-envify: 1.4.0
    dev: false

  /readdirp/3.6.0:
    resolution: {integrity: sha512-hOS089on8RduqdbhvQ5Z37A0ESjsqz6qnRcffsMU3495FuTdqSm+7bhJ29JvIOsBDEEnan5DPu9t3To9VRlMzA==}
    engines: {node: '>=8.10.0'}
    dependencies:
      picomatch: 2.3.1
    dev: false

  /regenerator-runtime/0.13.11:
    resolution: {integrity: sha512-kY1AZVr2Ra+t+piVaJ4gxaFaReZVH40AKNo7UCX6W+dEwBo/2oZJzqfuN1qLq1oL45o56cPaTXELwrTh8Fpggg==}
    dev: false

  /sass/1.57.1:
    resolution: {integrity: sha512-O2+LwLS79op7GI0xZ8fqzF7X2m/m8WFfI02dHOdsK5R2ECeS5F62zrwg/relM1rjSLy7Vd/DiMNIvPrQGsA0jw==}
    engines: {node: '>=12.0.0'}
    hasBin: true
    dependencies:
      chokidar: 3.5.3
      immutable: 4.2.1
      source-map-js: 1.0.2
    dev: false

  /scheduler/0.23.0:
    resolution: {integrity: sha512-CtuThmgHNg7zIZWAXi3AsyIzA3n4xx7aNyjwC2VJldO2LMVDhFK+63xGqq6CsJH4rTAt6/M+N4GhZiDYPx9eUw==}
    dependencies:
      loose-envify: 1.4.0
    dev: false

  /source-map-js/1.0.2:
    resolution: {integrity: sha512-R0XvVJ9WusLiqTCEiGCmICCMplcCkIwwR11mOSD9CR5u+IXYdiseeEuXCVAjS54zqwkLcPNnmU4OeJ6tUrWhDw==}
    engines: {node: '>=0.10.0'}
    dev: false

  /styled-jsx/5.0.7_react@18.2.0:
    resolution: {integrity: sha512-b3sUzamS086YLRuvnaDigdAewz1/EFYlHpYBP5mZovKEdQQOIIYq8lApylub3HHZ6xFjV051kkGU7cudJmrXEA==}
    engines: {node: '>= 12.0.0'}
    peerDependencies:
      '@babel/core': '*'
      babel-plugin-macros: '*'
      react: '>= 16.8.0 || 17.x.x || ^18.0.0-0'
    peerDependenciesMeta:
      '@babel/core':
        optional: true
      babel-plugin-macros:
        optional: true
    dependencies:
      react: 18.2.0
    dev: false

  /to-regex-range/5.0.1:
    resolution: {integrity: sha512-65P7iz6X5yEr1cwcgvQxbbIw7Uk3gOy5dIdtZ4rDveLqhrdJP+Li/Hx6tyK0NEb+2GCyneCMJiGqrADCSNk8sQ==}
    engines: {node: '>=8.0'}
    dependencies:
      is-number: 7.0.0
    dev: false

  /tslib/2.4.1:
    resolution: {integrity: sha512-tGyy4dAjRIEwI7BzsB0lynWgOpfqjUdq91XXAlIWD2OwKBH7oCl/GZG/HT4BOHrTlPMOASlMQ7veyTqpmRcrNA==}
    dev: false

  /typescript/4.9.4:
    resolution: {integrity: sha512-Uz+dTXYzxXXbsFpM86Wh3dKCxrQqUcVMxwU54orwlJjOpO3ao8L7j5lH+dWfTwgCwIuM9GQ2kvVotzYJMXTBZg==}
    engines: {node: '>=4.2.0'}
    hasBin: true
    dev: true

  /use-sync-external-store/1.2.0_react@18.2.0:
    resolution: {integrity: sha512-eEgnFxGQ1Ife9bzYs6VLi8/4X6CObHMw9Qr9tPY43iKwsPw8xE8+EFsf/2cFZ5S3esXgpWgtSCtLNS41F+sKPA==}
    peerDependencies:
      react: ^16.8.0 || ^17.0.0 || ^18.0.0
    dependencies:
      react: 18.2.0
    dev: false
