lockfileVersion: '9.0'

settings:
  autoInstallPeers: true
  excludeLinksFromLockfile: false

importers:

  .:
    dependencies:
      '@radix-ui/colors':
        specifier: ^0.1.8
        version: 0.1.9
      '@radix-ui/react-progress':
        specifier: ^1.0.1
        version: 1.1.3(@types/react-dom@18.3.6(@types/react@18.3.20))(@types/react@18.3.20)(react-dom@18.3.1(react@18.3.1))(react@18.3.1)
      '@stitches/react':
        specifier: ^1.2.8
        version: 1.2.8(react@18.3.1)
      '@tauri-apps/api':
        specifier: ^1.2.0
        version: 1.6.0
      next:
        specifier: ^12.2.5
        version: 12.3.7(react-dom@18.3.1(react@18.3.1))(react@18.3.1)(sass@1.86.3)
      react:
        specifier: ^18.2.0
        version: 18.3.1
      react-dom:
        specifier: ^18.2.0
        version: 18.3.1(react@18.3.1)
      sass:
        specifier: ^1.57.1
        version: 1.86.3
    devDependencies:
      '@tauri-apps/cli':
        specifier: ^1.2.2
        version: 1.6.3
      '@types/node':
        specifier: ^18.7.11
        version: 18.19.86
      '@types/react':
        specifier: ^18.0.17
        version: 18.3.20
      '@types/react-dom':
        specifier: ^18.0.6
        version: 18.3.6(@types/react@18.3.20)
      typescript:
        specifier: ^4.7.4
        version: 4.9.5

packages:

  '@next/env@12.3.7':
    resolution: {integrity: sha512-gCw4sTeHoNr0EUO+Nk9Ll21OzF3PnmM0GlHaKgsY2AWQSqQlMgECvB0YI4k21M9iGy+tQ5RMyXQuoIMpzhtxww==}

  '@next/swc-android-arm-eabi@12.3.4':
    resolution: {integrity: sha512-cM42Cw6V4Bz/2+j/xIzO8nK/Q3Ly+VSlZJTa1vHzsocJRYz8KT6MrreXaci2++SIZCF1rVRCDgAg5PpqRibdIA==}
    engines: {node: '>= 10'}
    cpu: [arm]
    os: [android]

  '@next/swc-android-arm64@12.3.4':
    resolution: {integrity: sha512-5jf0dTBjL+rabWjGj3eghpLUxCukRhBcEJgwLedewEA/LJk2HyqCvGIwj5rH+iwmq1llCWbOky2dO3pVljrapg==}
    engines: {node: '>= 10'}
    cpu: [arm64]
    os: [android]

  '@next/swc-darwin-arm64@12.3.4':
    resolution: {integrity: sha512-DqsSTd3FRjQUR6ao0E1e2OlOcrF5br+uegcEGPVonKYJpcr0MJrtYmPxd4v5T6UCJZ+XzydF7eQo5wdGvSZAyA==}
    engines: {node: '>= 10'}
    cpu: [arm64]
    os: [darwin]

  '@next/swc-darwin-x64@12.3.4':
    resolution: {integrity: sha512-PPF7tbWD4k0dJ2EcUSnOsaOJ5rhT3rlEt/3LhZUGiYNL8KvoqczFrETlUx0cUYaXe11dRA3F80Hpt727QIwByQ==}
    engines: {node: '>= 10'}
    cpu: [x64]
    os: [darwin]

  '@next/swc-freebsd-x64@12.3.4':
    resolution: {integrity: sha512-KM9JXRXi/U2PUM928z7l4tnfQ9u8bTco/jb939pdFUHqc28V43Ohd31MmZD1QzEK4aFlMRaIBQOWQZh4D/E5lQ==}
    engines: {node: '>= 10'}
    cpu: [x64]
    os: [freebsd]

  '@next/swc-linux-arm-gnueabihf@12.3.4':
    resolution: {integrity: sha512-3zqD3pO+z5CZyxtKDTnOJ2XgFFRUBciOox6EWkoZvJfc9zcidNAQxuwonUeNts6Xbm8Wtm5YGIRC0x+12YH7kw==}
    engines: {node: '>= 10'}
    cpu: [arm]
    os: [linux]

  '@next/swc-linux-arm64-gnu@12.3.4':
    resolution: {integrity: sha512-kiX0vgJGMZVv+oo1QuObaYulXNvdH/IINmvdZnVzMO/jic/B8EEIGlZ8Bgvw8LCjH3zNVPO3mGrdMvnEEPEhKA==}
    engines: {node: '>= 10'}
    cpu: [arm64]
    os: [linux]

  '@next/swc-linux-arm64-musl@12.3.4':
    resolution: {integrity: sha512-EETZPa1juczrKLWk5okoW2hv7D7WvonU+Cf2CgsSoxgsYbUCZ1voOpL4JZTOb6IbKMDo6ja+SbY0vzXZBUMvkQ==}
    engines: {node: '>= 10'}
    cpu: [arm64]
    os: [linux]

  '@next/swc-linux-x64-gnu@12.3.4':
    resolution: {integrity: sha512-4csPbRbfZbuWOk3ATyWcvVFdD9/Rsdq5YHKvRuEni68OCLkfy4f+4I9OBpyK1SKJ00Cih16NJbHE+k+ljPPpag==}
    engines: {node: '>= 10'}
    cpu: [x64]
    os: [linux]

  '@next/swc-linux-x64-musl@12.3.4':
    resolution: {integrity: sha512-YeBmI+63Ro75SUiL/QXEVXQ19T++58aI/IINOyhpsRL1LKdyfK/35iilraZEFz9bLQrwy1LYAR5lK200A9Gjbg==}
    engines: {node: '>= 10'}
    cpu: [x64]
    os: [linux]

  '@next/swc-win32-arm64-msvc@12.3.4':
    resolution: {integrity: sha512-Sd0qFUJv8Tj0PukAYbCCDbmXcMkbIuhnTeHm9m4ZGjCf6kt7E/RMs55Pd3R5ePjOkN7dJEuxYBehawTR/aPDSQ==}
    engines: {node: '>= 10'}
    cpu: [arm64]
    os: [win32]

  '@next/swc-win32-ia32-msvc@12.3.4':
    resolution: {integrity: sha512-rt/vv/vg/ZGGkrkKcuJ0LyliRdbskQU+91bje+PgoYmxTZf/tYs6IfbmgudBJk6gH3QnjHWbkphDdRQrseRefQ==}
    engines: {node: '>= 10'}
    cpu: [ia32]
    os: [win32]

  '@next/swc-win32-x64-msvc@12.3.4':
    resolution: {integrity: sha512-DQ20JEfTBZAgF8QCjYfJhv2/279M6onxFjdG/+5B0Cyj00/EdBxiWb2eGGFgQhrBbNv/lsvzFbbi0Ptf8Vw/bg==}
    engines: {node: '>= 10'}
    cpu: [x64]
    os: [win32]

  '@parcel/watcher-android-arm64@2.5.1':
    resolution: {integrity: sha512-KF8+j9nNbUN8vzOFDpRMsaKBHZ/mcjEjMToVMJOhTozkDonQFFrRcfdLWn6yWKCmJKmdVxSgHiYvTCef4/qcBA==}
    engines: {node: '>= 10.0.0'}
    cpu: [arm64]
    os: [android]

  '@parcel/watcher-darwin-arm64@2.5.1':
    resolution: {integrity: sha512-eAzPv5osDmZyBhou8PoF4i6RQXAfeKL9tjb3QzYuccXFMQU0ruIc/POh30ePnaOyD1UXdlKguHBmsTs53tVoPw==}
    engines: {node: '>= 10.0.0'}
    cpu: [arm64]
    os: [darwin]

  '@parcel/watcher-darwin-x64@2.5.1':
    resolution: {integrity: sha512-1ZXDthrnNmwv10A0/3AJNZ9JGlzrF82i3gNQcWOzd7nJ8aj+ILyW1MTxVk35Db0u91oD5Nlk9MBiujMlwmeXZg==}
    engines: {node: '>= 10.0.0'}
    cpu: [x64]
    os: [darwin]

  '@parcel/watcher-freebsd-x64@2.5.1':
    resolution: {integrity: sha512-SI4eljM7Flp9yPuKi8W0ird8TI/JK6CSxju3NojVI6BjHsTyK7zxA9urjVjEKJ5MBYC+bLmMcbAWlZ+rFkLpJQ==}
    engines: {node: '>= 10.0.0'}
    cpu: [x64]
    os: [freebsd]

  '@parcel/watcher-linux-arm-glibc@2.5.1':
    resolution: {integrity: sha512-RCdZlEyTs8geyBkkcnPWvtXLY44BCeZKmGYRtSgtwwnHR4dxfHRG3gR99XdMEdQ7KeiDdasJwwvNSF5jKtDwdA==}
    engines: {node: '>= 10.0.0'}
    cpu: [arm]
    os: [linux]

  '@parcel/watcher-linux-arm-musl@2.5.1':
    resolution: {integrity: sha512-6E+m/Mm1t1yhB8X412stiKFG3XykmgdIOqhjWj+VL8oHkKABfu/gjFj8DvLrYVHSBNC+/u5PeNrujiSQ1zwd1Q==}
    engines: {node: '>= 10.0.0'}
    cpu: [arm]
    os: [linux]

  '@parcel/watcher-linux-arm64-glibc@2.5.1':
    resolution: {integrity: sha512-LrGp+f02yU3BN9A+DGuY3v3bmnFUggAITBGriZHUREfNEzZh/GO06FF5u2kx8x+GBEUYfyTGamol4j3m9ANe8w==}
    engines: {node: '>= 10.0.0'}
    cpu: [arm64]
    os: [linux]

  '@parcel/watcher-linux-arm64-musl@2.5.1':
    resolution: {integrity: sha512-cFOjABi92pMYRXS7AcQv9/M1YuKRw8SZniCDw0ssQb/noPkRzA+HBDkwmyOJYp5wXcsTrhxO0zq1U11cK9jsFg==}
    engines: {node: '>= 10.0.0'}
    cpu: [arm64]
    os: [linux]

  '@parcel/watcher-linux-x64-glibc@2.5.1':
    resolution: {integrity: sha512-GcESn8NZySmfwlTsIur+49yDqSny2IhPeZfXunQi48DMugKeZ7uy1FX83pO0X22sHntJ4Ub+9k34XQCX+oHt2A==}
    engines: {node: '>= 10.0.0'}
    cpu: [x64]
    os: [linux]

  '@parcel/watcher-linux-x64-musl@2.5.1':
    resolution: {integrity: sha512-n0E2EQbatQ3bXhcH2D1XIAANAcTZkQICBPVaxMeaCVBtOpBZpWJuf7LwyWPSBDITb7In8mqQgJ7gH8CILCURXg==}
    engines: {node: '>= 10.0.0'}
    cpu: [x64]
    os: [linux]

  '@parcel/watcher-win32-arm64@2.5.1':
    resolution: {integrity: sha512-RFzklRvmc3PkjKjry3hLF9wD7ppR4AKcWNzH7kXR7GUe0Igb3Nz8fyPwtZCSquGrhU5HhUNDr/mKBqj7tqA2Vw==}
    engines: {node: '>= 10.0.0'}
    cpu: [arm64]
    os: [win32]

  '@parcel/watcher-win32-ia32@2.5.1':
    resolution: {integrity: sha512-c2KkcVN+NJmuA7CGlaGD1qJh1cLfDnQsHjE89E60vUEMlqduHGCdCLJCID5geFVM0dOtA3ZiIO8BoEQmzQVfpQ==}
    engines: {node: '>= 10.0.0'}
    cpu: [ia32]
    os: [win32]

  '@parcel/watcher-win32-x64@2.5.1':
    resolution: {integrity: sha512-9lHBdJITeNR++EvSQVUcaZoWupyHfXe1jZvGZ06O/5MflPcuPLtEphScIBL+AiCWBO46tDSHzWyD0uDmmZqsgA==}
    engines: {node: '>= 10.0.0'}
    cpu: [x64]
    os: [win32]

  '@parcel/watcher@2.5.1':
    resolution: {integrity: sha512-dfUnCxiN9H4ap84DvD2ubjw+3vUNpstxa0TneY/Paat8a3R4uQZDLSvWjmznAY/DoahqTHl9V46HF/Zs3F29pg==}
    engines: {node: '>= 10.0.0'}

  '@radix-ui/colors@0.1.9':
    resolution: {integrity: sha512-Vxq944ErPJsdVepjEUhOLO9ApUVOocA63knc+V2TkJ09D/AVOjiMIgkca/7VoYgODcla0qbSIBjje0SMfZMbAw==}

  '@radix-ui/react-compose-refs@1.1.2':
    resolution: {integrity: sha512-z4eqJvfiNnFMHIIvXP3CY57y2WJs5g2v3X0zm9mEJkrkNv4rDxu+sg9Jh8EkXyeqBkB7SOcboo9dMVqhyrACIg==}
    peerDependencies:
      '@types/react': '*'
      react: ^16.8 || ^17.0 || ^18.0 || ^19.0 || ^19.0.0-rc
    peerDependenciesMeta:
      '@types/react':
        optional: true

  '@radix-ui/react-context@1.1.2':
    resolution: {integrity: sha512-jCi/QKUM2r1Ju5a3J64TH2A5SpKAgh0LpknyqdQ4m6DCV0xJ2HG1xARRwNGPQfi1SLdLWZ1OJz6F4OMBBNiGJA==}
    peerDependencies:
      '@types/react': '*'
      react: ^16.8 || ^17.0 || ^18.0 || ^19.0 || ^19.0.0-rc
    peerDependenciesMeta:
      '@types/react':
        optional: true

  '@radix-ui/react-primitive@2.0.3':
    resolution: {integrity: sha512-Pf/t/GkndH7CQ8wE2hbkXA+WyZ83fhQQn5DDmwDiDo6AwN/fhaH8oqZ0jRjMrO2iaMhDi6P1HRx6AZwyMinY1g==}
    peerDependencies:
      '@types/react': '*'
      '@types/react-dom': '*'
      react: ^16.8 || ^17.0 || ^18.0 || ^19.0 || ^19.0.0-rc
      react-dom: ^16.8 || ^17.0 || ^18.0 || ^19.0 || ^19.0.0-rc
    peerDependenciesMeta:
      '@types/react':
        optional: true
      '@types/react-dom':
        optional: true

  '@radix-ui/react-progress@1.1.3':
    resolution: {integrity: sha512-F56aZPGTPb4qJQ/vDjnAq63oTu/DRoIG/Asb5XKOWj8rpefNLtUllR969j5QDN2sRrTk9VXIqQDRj5VvAuquaw==}
    peerDependencies:
      '@types/react': '*'
      '@types/react-dom': '*'
      react: ^16.8 || ^17.0 || ^18.0 || ^19.0 || ^19.0.0-rc
      react-dom: ^16.8 || ^17.0 || ^18.0 || ^19.0 || ^19.0.0-rc
    peerDependenciesMeta:
      '@types/react':
        optional: true
      '@types/react-dom':
        optional: true

  '@radix-ui/react-slot@1.2.0':
    resolution: {integrity: sha512-ujc+V6r0HNDviYqIK3rW4ffgYiZ8g5DEHrGJVk4x7kTlLXRDILnKX9vAUYeIsLOoDpDJ0ujpqMkjH4w2ofuo6w==}
    peerDependencies:
      '@types/react': '*'
      react: ^16.8 || ^17.0 || ^18.0 || ^19.0 || ^19.0.0-rc
    peerDependenciesMeta:
      '@types/react':
        optional: true

  '@stitches/react@1.2.8':
    resolution: {integrity: sha512-9g9dWI4gsSVe8bNLlb+lMkBYsnIKCZTmvqvDG+Avnn69XfmHZKiaMrx7cgTaddq7aTPPmXiTsbFcUy0xgI4+wA==}
    peerDependencies:
      react: '>= 16.3.0'

  '@swc/helpers@0.4.11':
    resolution: {integrity: sha512-rEUrBSGIoSFuYxwBYtlUFMlE2CwGhmW+w9355/5oduSw8e5h2+Tj4UrAGNNgP9915++wj5vkQo0UuOBqOAq4nw==}

  '@tauri-apps/api@1.6.0':
    resolution: {integrity: sha512-rqI++FWClU5I2UBp4HXFvl+sBWkdigBkxnpJDQUWttNyG7IZP4FwQGhTNL5EOw0vI8i6eSAJ5frLqO7n7jbJdg==}
    engines: {node: '>= 14.6.0', npm: '>= 6.6.0', yarn: '>= 1.19.1'}

  '@tauri-apps/cli-darwin-arm64@1.6.3':
    resolution: {integrity: sha512-fQN6IYSL8bG4NvkdKE4sAGF4dF/QqqQq4hOAU+t8ksOzHJr0hUlJYfncFeJYutr/MMkdF7hYKadSb0j5EE9r0A==}
    engines: {node: '>= 10'}
    cpu: [arm64]
    os: [darwin]

  '@tauri-apps/cli-darwin-x64@1.6.3':
    resolution: {integrity: sha512-1yTXZzLajKAYINJOJhZfmMhCzweHSgKQ3bEgJSn6t+1vFkOgY8Yx4oFgWcybrrWI5J1ZLZAl47+LPOY81dLcyA==}
    engines: {node: '>= 10'}
    cpu: [x64]
    os: [darwin]

  '@tauri-apps/cli-linux-arm-gnueabihf@1.6.3':
    resolution: {integrity: sha512-CjTEr9r9xgjcvos09AQw8QMRPuH152B1jvlZt4PfAsyJNPFigzuwed5/SF7XAd8bFikA7zArP4UT12RdBxrx7w==}
    engines: {node: '>= 10'}
    cpu: [arm]
    os: [linux]

  '@tauri-apps/cli-linux-arm64-gnu@1.6.3':
    resolution: {integrity: sha512-G9EUUS4M8M/Jz1UKZqvJmQQCKOzgTb8/0jZKvfBuGfh5AjFBu8LHvlFpwkKVm1l4951Xg4ulUp6P9Q7WRJ9XSA==}
    engines: {node: '>= 10'}
    cpu: [arm64]
    os: [linux]

  '@tauri-apps/cli-linux-arm64-musl@1.6.3':
    resolution: {integrity: sha512-MuBTHJyNpZRbPVG8IZBN8+Zs7aKqwD22tkWVBcL1yOGL4zNNTJlkfL+zs5qxRnHlUsn6YAlbW/5HKocfpxVwBw==}
    engines: {node: '>= 10'}
    cpu: [arm64]
    os: [linux]

  '@tauri-apps/cli-linux-x64-gnu@1.6.3':
    resolution: {integrity: sha512-Uvi7M+NK3tAjCZEY1WGel+dFlzJmqcvu3KND+nqa22762NFmOuBIZ4KJR/IQHfpEYqKFNUhJfCGnpUDfiC3Oxg==}
    engines: {node: '>= 10'}
    cpu: [x64]
    os: [linux]

  '@tauri-apps/cli-linux-x64-musl@1.6.3':
    resolution: {integrity: sha512-rc6B342C0ra8VezB/OJom9j/N+9oW4VRA4qMxS2f4bHY2B/z3J9NPOe6GOILeg4v/CV62ojkLsC3/K/CeF3fqQ==}
    engines: {node: '>= 10'}
    cpu: [x64]
    os: [linux]

  '@tauri-apps/cli-win32-arm64-msvc@1.6.3':
    resolution: {integrity: sha512-cSH2qOBYuYC4UVIFtrc1YsGfc5tfYrotoHrpTvRjUGu0VywvmyNk82+ZsHEnWZ2UHmu3l3lXIGRqSWveLln0xg==}
    engines: {node: '>= 10'}
    cpu: [arm64]
    os: [win32]

  '@tauri-apps/cli-win32-ia32-msvc@1.6.3':
    resolution: {integrity: sha512-T8V6SJQqE4PSWmYBl0ChQVmS6AR2hXFHURH2DwAhgSGSQ6uBXgwlYFcfIeQpBQA727K2Eq8X2hGfvmoySyHMRw==}
    engines: {node: '>= 10'}
    cpu: [ia32]
    os: [win32]

  '@tauri-apps/cli-win32-x64-msvc@1.6.3':
    resolution: {integrity: sha512-HUkWZ+lYHI/Gjkh2QjHD/OBDpqLVmvjZGpLK9losur1Eg974Jip6k+vsoTUxQBCBDfj30eDBct9E1FvXOspWeg==}
    engines: {node: '>= 10'}
    cpu: [x64]
    os: [win32]

  '@tauri-apps/cli@1.6.3':
    resolution: {integrity: sha512-q46umd6QLRKDd4Gg6WyZBGa2fWvk0pbeUA5vFomm4uOs1/17LIciHv2iQ4UD+2Yv5H7AO8YiE1t50V0POiEGEw==}
    engines: {node: '>= 10'}
    hasBin: true

  '@types/node@18.19.86':
    resolution: {integrity: sha512-fifKayi175wLyKyc5qUfyENhQ1dCNI1UNjp653d8kuYcPQN5JhX3dGuP/XmvPTg/xRBn1VTLpbmi+H/Mr7tLfQ==}

  '@types/prop-types@15.7.14':
    resolution: {integrity: sha512-gNMvNH49DJ7OJYv+KAKn0Xp45p8PLl6zo2YnvDIbTd4J6MER2BmWN49TG7n9LvkyihINxeKW8+3bfS2yDC9dzQ==}

  '@types/react-dom@18.3.6':
    resolution: {integrity: sha512-nf22//wEbKXusP6E9pfOCDwFdHAX4u172eaJI4YkDRQEZiorm6KfYnSC2SWLDMVWUOWPERmJnN0ujeAfTBLvrw==}
    peerDependencies:
      '@types/react': ^18.0.0

  '@types/react@18.3.20':
    resolution: {integrity: sha512-IPaCZN7PShZK/3t6Q87pfTkRm6oLTd4vztyoj+cbHUF1g3FfVb2tFIL79uCRKEfv16AhqDMBywP2VW3KIZUvcg==}

  braces@3.0.3:
    resolution: {integrity: sha512-yQbXgO/OSZVD2IsiLlro+7Hf6Q18EJrKSEsdoMzKePKXct3gvD8oLcOQdIzGupr5Fj+EDe8gO/lxc1BzfMpxvA==}
    engines: {node: '>=8'}

  caniuse-lite@1.0.30001713:
    resolution: {integrity: sha512-wCIWIg+A4Xr7NfhTuHdX+/FKh3+Op3LBbSp2N5Pfx6T/LhdQy3GTyoTg48BReaW/MyMNZAkTadsBtai3ldWK0Q==}

  chokidar@4.0.3:
    resolution: {integrity: sha512-Qgzu8kfBvo+cA4962jnP1KkS6Dop5NS6g7R5LFYJr4b8Ub94PPQXUksCw9PvXoeXPRRddRNC5C1JQUR2SMGtnA==}
    engines: {node: '>= 14.16.0'}

  csstype@3.1.3:
    resolution: {integrity: sha512-M1uQkMl8rQK/szD0LNhtqxIPLpimGm8sOBwU7lLnCpSbTyY3yeU1Vc7l4KT5zT4s/yOxHH5O7tIuuLOCnLADRw==}

  detect-libc@1.0.3:
    resolution: {integrity: sha512-pGjwhsmsp4kL2RTz08wcOlGN83otlqHeD/Z5T8GXZB+/YcpQ/dgo+lbU8ZsGxV0HIvqqxo9l7mqYwyYMD9bKDg==}
    engines: {node: '>=0.10'}
    hasBin: true

  fill-range@7.1.1:
    resolution: {integrity: sha512-YsGpe3WHLK8ZYi4tWDg2Jy3ebRz2rXowDxnld4bkQB00cc/1Zw9AWnC0i9ztDJitivtQvaI9KaLyKrc+hBW0yg==}
    engines: {node: '>=8'}

  immutable@5.1.1:
    resolution: {integrity: sha512-3jatXi9ObIsPGr3N5hGw/vWWcTkq6hUYhpQz4k0wLC+owqWi/LiugIw9x0EdNZ2yGedKN/HzePiBvaJRXa0Ujg==}

  is-extglob@2.1.1:
    resolution: {integrity: sha512-SbKbANkN603Vi4jEZv49LeVJMn4yGwsbzZworEoyEiutsN3nJYdbO36zfhGJ6QEDpOZIFkDtnq5JRxmvl3jsoQ==}
    engines: {node: '>=0.10.0'}

  is-glob@4.0.3:
    resolution: {integrity: sha512-xelSayHH36ZgE7ZWhli7pW34hNbNl8Ojv5KVmkJD4hBdD3th8Tfk9vYasLM+mXWOZhFkgZfxhLSnrwRr4elSSg==}
    engines: {node: '>=0.10.0'}

  is-number@7.0.0:
    resolution: {integrity: sha512-41Cifkg6e8TylSpdtTpeLVMqvSBEVzTttHvERD741+pnZ8ANv0004MRL43QKPDlK9cGvNp6NZWZUBlbGXYxxng==}
    engines: {node: '>=0.12.0'}

  js-tokens@4.0.0:
    resolution: {integrity: sha512-RdJUflcE3cUzKiMqQgsCu06FPu9UdIJO0beYbPhHN4k6apgJtifcoCtT9bcxOpYBtpD2kCM6Sbzg4CausW/PKQ==}

  loose-envify@1.4.0:
    resolution: {integrity: sha512-lyuxPGr/Wfhrlem2CL/UcnUc1zcqKAImBDzukY7Y5F/yQiNdko6+fRLevlw1HgMySw7f611UIY408EtxRSoK3Q==}
    hasBin: true

  micromatch@4.0.8:
    resolution: {integrity: sha512-PXwfBhYu0hBCPw8Dn0E+WDYb7af3dSLVWKi3HGv84IdF4TyFoC0ysxFd0Goxw7nSv4T/PzEJQxsYsEiFCKo2BA==}
    engines: {node: '>=8.6'}

  nanoid@3.3.11:
    resolution: {integrity: sha512-N8SpfPUnUp1bK+PMYW8qSWdl9U+wwNWI4QKxOYDy9JAro3WMX7p2OeVRF9v+347pnakNevPmiHhNmZ2HbFA76w==}
    engines: {node: ^10 || ^12 || ^13.7 || ^14 || >=15.0.1}
    hasBin: true

  next@12.3.7:
    resolution: {integrity: sha512-3PDn+u77s5WpbkUrslBP6SKLMeUj9cSx251LOt+yP9fgnqXV/ydny81xQsclz9R6RzCLONMCtwK2RvDdLa/mJQ==}
    engines: {node: '>=12.22.0'}
    hasBin: true
    peerDependencies:
      fibers: '>= 3.1.0'
      node-sass: ^6.0.0 || ^7.0.0
      react: ^17.0.2 || ^18.0.0-0
      react-dom: ^17.0.2 || ^18.0.0-0
      sass: ^1.3.0
    peerDependenciesMeta:
      fibers:
        optional: true
      node-sass:
        optional: true
      sass:
        optional: true

  node-addon-api@7.1.1:
    resolution: {integrity: sha512-5m3bsyrjFWE1xf7nz7YXdN4udnVtXK6/Yfgn5qnahL6bCkf2yKt4k3nuTKAtT4r3IG8JNR2ncsIMdZuAzJjHQQ==}

  picocolors@1.1.1:
    resolution: {integrity: sha512-xceH2snhtb5M9liqDsmEw56le376mTZkEX/jEb/RxNFyegNul7eNslCXP9FDj/Lcu0X8KEyMceP2ntpaHrDEVA==}

  picomatch@2.3.1:
    resolution: {integrity: sha512-JU3teHTNjmE2VCGFzuY8EXzCDVwEqB2a8fsIvwaStHhAWJEeVd1o1QD80CU6+ZdEXXSLbSsuLwJjkCBWqRQUVA==}
    engines: {node: '>=8.6'}

  postcss@8.4.14:
    resolution: {integrity: sha512-E398TUmfAYFPBSdzgeieK2Y1+1cpdxJx8yXbK/m57nRhKSmk1GB2tO4lbLBtlkfPQTDKfe4Xqv1ASWPpayPEig==}
    engines: {node: ^10 || ^12 || >=14}

  react-dom@18.3.1:
    resolution: {integrity: sha512-5m4nQKp+rZRb09LNH59GM4BxTh9251/ylbKIbpe7TpGxfJ+9kv6BLkLBXIjjspbgbnIBNqlI23tRnTWT0snUIw==}
    peerDependencies:
      react: ^18.3.1

  react@18.3.1:
    resolution: {integrity: sha512-wS+hAgJShR0KhEvPJArfuPVN1+Hz1t0Y6n5jLrGQbkb4urgPE/0Rve+1kMB1v/oWgHgm4WIcV+i7F2pTVj+2iQ==}
    engines: {node: '>=0.10.0'}

  readdirp@4.1.2:
    resolution: {integrity: sha512-GDhwkLfywWL2s6vEjyhri+eXmfH6j1L7JE27WhqLeYzoh/A3DBaYGEj2H/HFZCn/kMfim73FXxEJTw06WtxQwg==}
    engines: {node: '>= 14.18.0'}

  sass@1.86.3:
    resolution: {integrity: sha512-iGtg8kus4GrsGLRDLRBRHY9dNVA78ZaS7xr01cWnS7PEMQyFtTqBiyCrfpTYTZXRWM94akzckYjh8oADfFNTzw==}
    engines: {node: '>=14.0.0'}
    hasBin: true

  scheduler@0.23.2:
    resolution: {integrity: sha512-UOShsPwz7NrMUqhR6t0hWjFduvOzbtv7toDH1/hIrfRNIDBnnBWd0CwJTGvTpngVlmwGCdP9/Zl/tVrDqcuYzQ==}

  semver@7.7.1:
    resolution: {integrity: sha512-hlq8tAfn0m/61p4BVRcPzIGr6LKiMwo4VM6dGi6pt4qcRkmNzTcWq6eCEjEh+qXjkMDvPlOFFSGwQjoEa6gyMA==}
    engines: {node: '>=10'}
    hasBin: true

  source-map-js@1.2.1:
    resolution: {integrity: sha512-UXWMKhLOwVKb728IUtQPXxfYU+usdybtUrK/8uGE8CQMvrhOpwvzDBwj0QhSL7MQc7vIsISBG8VQ8+IDQxpfQA==}
    engines: {node: '>=0.10.0'}

  styled-jsx@5.0.7:
    resolution: {integrity: sha512-b3sUzamS086YLRuvnaDigdAewz1/EFYlHpYBP5mZovKEdQQOIIYq8lApylub3HHZ6xFjV051kkGU7cudJmrXEA==}
    engines: {node: '>= 12.0.0'}
    peerDependencies:
      '@babel/core': '*'
      babel-plugin-macros: '*'
      react: '>= 16.8.0 || 17.x.x || ^18.0.0-0'
    peerDependenciesMeta:
      '@babel/core':
        optional: true
      babel-plugin-macros:
        optional: true

  to-regex-range@5.0.1:
    resolution: {integrity: sha512-65P7iz6X5yEr1cwcgvQxbbIw7Uk3gOy5dIdtZ4rDveLqhrdJP+Li/Hx6tyK0NEb+2GCyneCMJiGqrADCSNk8sQ==}
    engines: {node: '>=8.0'}

  tslib@2.8.1:
    resolution: {integrity: sha512-oJFu94HQb+KVduSUQL7wnpmqnfmLsOA/nAh6b6EH0wCEoK0/mPeXU6c3wKDV83MkOuHPRHtSXKKU99IBazS/2w==}

  typescript@4.9.5:
    resolution: {integrity: sha512-1FXk9E2Hm+QzZQ7z+McJiHL4NW1F2EzMu9Nq9i3zAaGqibafqYwCVU6WyWAuyQRRzOlxou8xZSyXLEN8oKj24g==}
    engines: {node: '>=4.2.0'}
    hasBin: true

  undici-types@5.26.5:
    resolution: {integrity: sha512-JlCMO+ehdEIKqlFxk6IfVoAUVmgz7cU7zD/h9XZ0qzeosSHmUJVOzSQvvYSYWXkFXC+IfLKSIffhv0sVZup6pA==}

  use-sync-external-store@1.2.0:
    resolution: {integrity: sha512-eEgnFxGQ1Ife9bzYs6VLi8/4X6CObHMw9Qr9tPY43iKwsPw8xE8+EFsf/2cFZ5S3esXgpWgtSCtLNS41F+sKPA==}
    peerDependencies:
      react: ^16.8.0 || ^17.0.0 || ^18.0.0

snapshots:

  '@next/env@12.3.7': {}

  '@next/swc-android-arm-eabi@12.3.4':
    optional: true

  '@next/swc-android-arm64@12.3.4':
    optional: true

  '@next/swc-darwin-arm64@12.3.4':
    optional: true

  '@next/swc-darwin-x64@12.3.4':
    optional: true

  '@next/swc-freebsd-x64@12.3.4':
    optional: true

  '@next/swc-linux-arm-gnueabihf@12.3.4':
    optional: true

  '@next/swc-linux-arm64-gnu@12.3.4':
    optional: true

  '@next/swc-linux-arm64-musl@12.3.4':
    optional: true

  '@next/swc-linux-x64-gnu@12.3.4':
    optional: true

  '@next/swc-linux-x64-musl@12.3.4':
    optional: true

  '@next/swc-win32-arm64-msvc@12.3.4':
    optional: true

  '@next/swc-win32-ia32-msvc@12.3.4':
    optional: true

  '@next/swc-win32-x64-msvc@12.3.4':
    optional: true

  '@parcel/watcher-android-arm64@2.5.1':
    optional: true

  '@parcel/watcher-darwin-arm64@2.5.1':
    optional: true

  '@parcel/watcher-darwin-x64@2.5.1':
    optional: true

  '@parcel/watcher-freebsd-x64@2.5.1':
    optional: true

  '@parcel/watcher-linux-arm-glibc@2.5.1':
    optional: true

  '@parcel/watcher-linux-arm-musl@2.5.1':
    optional: true

  '@parcel/watcher-linux-arm64-glibc@2.5.1':
    optional: true

  '@parcel/watcher-linux-arm64-musl@2.5.1':
    optional: true

  '@parcel/watcher-linux-x64-glibc@2.5.1':
    optional: true

  '@parcel/watcher-linux-x64-musl@2.5.1':
    optional: true

  '@parcel/watcher-win32-arm64@2.5.1':
    optional: true

  '@parcel/watcher-win32-ia32@2.5.1':
    optional: true

  '@parcel/watcher-win32-x64@2.5.1':
    optional: true

  '@parcel/watcher@2.5.1':
    dependencies:
      detect-libc: 1.0.3
      is-glob: 4.0.3
      micromatch: 4.0.8
      node-addon-api: 7.1.1
    optionalDependencies:
      '@parcel/watcher-android-arm64': 2.5.1
      '@parcel/watcher-darwin-arm64': 2.5.1
      '@parcel/watcher-darwin-x64': 2.5.1
      '@parcel/watcher-freebsd-x64': 2.5.1
      '@parcel/watcher-linux-arm-glibc': 2.5.1
      '@parcel/watcher-linux-arm-musl': 2.5.1
      '@parcel/watcher-linux-arm64-glibc': 2.5.1
      '@parcel/watcher-linux-arm64-musl': 2.5.1
      '@parcel/watcher-linux-x64-glibc': 2.5.1
      '@parcel/watcher-linux-x64-musl': 2.5.1
      '@parcel/watcher-win32-arm64': 2.5.1
      '@parcel/watcher-win32-ia32': 2.5.1
      '@parcel/watcher-win32-x64': 2.5.1
    optional: true

  '@radix-ui/colors@0.1.9': {}

  '@radix-ui/react-compose-refs@1.1.2(@types/react@18.3.20)(react@18.3.1)':
    dependencies:
      react: 18.3.1
    optionalDependencies:
      '@types/react': 18.3.20

  '@radix-ui/react-context@1.1.2(@types/react@18.3.20)(react@18.3.1)':
    dependencies:
      react: 18.3.1
    optionalDependencies:
      '@types/react': 18.3.20

  '@radix-ui/react-primitive@2.0.3(@types/react-dom@18.3.6(@types/react@18.3.20))(@types/react@18.3.20)(react-dom@18.3.1(react@18.3.1))(react@18.3.1)':
    dependencies:
      '@radix-ui/react-slot': 1.2.0(@types/react@18.3.20)(react@18.3.1)
      react: 18.3.1
      react-dom: 18.3.1(react@18.3.1)
    optionalDependencies:
      '@types/react': 18.3.20
      '@types/react-dom': 18.3.6(@types/react@18.3.20)

  '@radix-ui/react-progress@1.1.3(@types/react-dom@18.3.6(@types/react@18.3.20))(@types/react@18.3.20)(react-dom@18.3.1(react@18.3.1))(react@18.3.1)':
    dependencies:
      '@radix-ui/react-context': 1.1.2(@types/react@18.3.20)(react@18.3.1)
      '@radix-ui/react-primitive': 2.0.3(@types/react-dom@18.3.6(@types/react@18.3.20))(@types/react@18.3.20)(react-dom@18.3.1(react@18.3.1))(react@18.3.1)
      react: 18.3.1
      react-dom: 18.3.1(react@18.3.1)
    optionalDependencies:
      '@types/react': 18.3.20
      '@types/react-dom': 18.3.6(@types/react@18.3.20)

  '@radix-ui/react-slot@1.2.0(@types/react@18.3.20)(react@18.3.1)':
    dependencies:
      '@radix-ui/react-compose-refs': 1.1.2(@types/react@18.3.20)(react@18.3.1)
      react: 18.3.1
    optionalDependencies:
      '@types/react': 18.3.20

  '@stitches/react@1.2.8(react@18.3.1)':
    dependencies:
      react: 18.3.1

  '@swc/helpers@0.4.11':
    dependencies:
      tslib: 2.8.1

  '@tauri-apps/api@1.6.0': {}

  '@tauri-apps/cli-darwin-arm64@1.6.3':
    optional: true

  '@tauri-apps/cli-darwin-x64@1.6.3':
    optional: true

  '@tauri-apps/cli-linux-arm-gnueabihf@1.6.3':
    optional: true

  '@tauri-apps/cli-linux-arm64-gnu@1.6.3':
    optional: true

  '@tauri-apps/cli-linux-arm64-musl@1.6.3':
    optional: true

  '@tauri-apps/cli-linux-x64-gnu@1.6.3':
    optional: true

  '@tauri-apps/cli-linux-x64-musl@1.6.3':
    optional: true

  '@tauri-apps/cli-win32-arm64-msvc@1.6.3':
    optional: true

  '@tauri-apps/cli-win32-ia32-msvc@1.6.3':
    optional: true

  '@tauri-apps/cli-win32-x64-msvc@1.6.3':
    optional: true

  '@tauri-apps/cli@1.6.3':
    dependencies:
      semver: 7.7.1
    optionalDependencies:
      '@tauri-apps/cli-darwin-arm64': 1.6.3
      '@tauri-apps/cli-darwin-x64': 1.6.3
      '@tauri-apps/cli-linux-arm-gnueabihf': 1.6.3
      '@tauri-apps/cli-linux-arm64-gnu': 1.6.3
      '@tauri-apps/cli-linux-arm64-musl': 1.6.3
      '@tauri-apps/cli-linux-x64-gnu': 1.6.3
      '@tauri-apps/cli-linux-x64-musl': 1.6.3
      '@tauri-apps/cli-win32-arm64-msvc': 1.6.3
      '@tauri-apps/cli-win32-ia32-msvc': 1.6.3
      '@tauri-apps/cli-win32-x64-msvc': 1.6.3

  '@types/node@18.19.86':
    dependencies:
      undici-types: 5.26.5

  '@types/prop-types@15.7.14': {}

  '@types/react-dom@18.3.6(@types/react@18.3.20)':
    dependencies:
      '@types/react': 18.3.20

  '@types/react@18.3.20':
    dependencies:
      '@types/prop-types': 15.7.14
      csstype: 3.1.3

  braces@3.0.3:
    dependencies:
      fill-range: 7.1.1
    optional: true

  caniuse-lite@1.0.30001713: {}

  chokidar@4.0.3:
    dependencies:
      readdirp: 4.1.2

  csstype@3.1.3: {}

  detect-libc@1.0.3:
    optional: true

  fill-range@7.1.1:
    dependencies:
      to-regex-range: 5.0.1
    optional: true

  immutable@5.1.1: {}

  is-extglob@2.1.1:
    optional: true

  is-glob@4.0.3:
    dependencies:
      is-extglob: 2.1.1
    optional: true

  is-number@7.0.0:
    optional: true

  js-tokens@4.0.0: {}

  loose-envify@1.4.0:
    dependencies:
      js-tokens: 4.0.0

  micromatch@4.0.8:
    dependencies:
      braces: 3.0.3
      picomatch: 2.3.1
    optional: true

  nanoid@3.3.11: {}

  next@12.3.7(react-dom@18.3.1(react@18.3.1))(react@18.3.1)(sass@1.86.3):
    dependencies:
      '@next/env': 12.3.7
      '@swc/helpers': 0.4.11
      caniuse-lite: 1.0.30001713
      postcss: 8.4.14
      react: 18.3.1
      react-dom: 18.3.1(react@18.3.1)
      styled-jsx: 5.0.7(react@18.3.1)
      use-sync-external-store: 1.2.0(react@18.3.1)
    optionalDependencies:
      '@next/swc-android-arm-eabi': 12.3.4
      '@next/swc-android-arm64': 12.3.4
      '@next/swc-darwin-arm64': 12.3.4
      '@next/swc-darwin-x64': 12.3.4
      '@next/swc-freebsd-x64': 12.3.4
      '@next/swc-linux-arm-gnueabihf': 12.3.4
      '@next/swc-linux-arm64-gnu': 12.3.4
      '@next/swc-linux-arm64-musl': 12.3.4
      '@next/swc-linux-x64-gnu': 12.3.4
      '@next/swc-linux-x64-musl': 12.3.4
      '@next/swc-win32-arm64-msvc': 12.3.4
      '@next/swc-win32-ia32-msvc': 12.3.4
      '@next/swc-win32-x64-msvc': 12.3.4
      sass: 1.86.3
    transitivePeerDependencies:
      - '@babel/core'
      - babel-plugin-macros

  node-addon-api@7.1.1:
    optional: true

  picocolors@1.1.1: {}

  picomatch@2.3.1:
    optional: true

  postcss@8.4.14:
    dependencies:
      nanoid: 3.3.11
      picocolors: 1.1.1
      source-map-js: 1.2.1

  react-dom@18.3.1(react@18.3.1):
    dependencies:
      loose-envify: 1.4.0
      react: 18.3.1
      scheduler: 0.23.2

  react@18.3.1:
    dependencies:
      loose-envify: 1.4.0

  readdirp@4.1.2: {}

  sass@1.86.3:
    dependencies:
      chokidar: 4.0.3
      immutable: 5.1.1
      source-map-js: 1.2.1
    optionalDependencies:
      '@parcel/watcher': 2.5.1

  scheduler@0.23.2:
    dependencies:
      loose-envify: 1.4.0

  semver@7.7.1: {}

  source-map-js@1.2.1: {}

  styled-jsx@5.0.7(react@18.3.1):
    dependencies:
      react: 18.3.1

  to-regex-range@5.0.1:
    dependencies:
      is-number: 7.0.0
    optional: true

  tslib@2.8.1: {}

  typescript@4.9.5: {}

  undici-types@5.26.5: {}

  use-sync-external-store@1.2.0(react@18.3.1):
    dependencies:
      react: 18.3.1
